
Microsoft Visual Studio Solution File, Format Version 12.00
# Visual Studio 15
Project("{FAE04EC0-301F-11D3-BF4B-00C04F79EFBC}") = "Assembly-CSharp", "Assembly-CSharp.csproj", "{9E8B0AB6-5249-61B6-E17E-44468213547D}"
EndProject
Project("{FAE04EC0-301F-11D3-BF4B-00C04F79EFBC}") = "Assembly-CSharp", "Assembly-CSharp.Player.csproj", "{DD61FC3B-66CF-E2DC-DF83-7D95DFDCEB93}"
EndProject
Project("{FAE04EC0-301F-11D3-BF4B-00C04F79EFBC}") = "Hotfix", "Hotfix\Hotfix.csproj", "{D3B12600-0D34-4E15-8C05-79625833D7AD}"
EndProject
Global
	GlobalSection(SolutionConfigurationPlatforms) = preSolution
		Debug|Any CPU = Debug|Any CPU
		Release|Any CPU = Release|Any CPU
	EndGlobalSection
	GlobalSection(ProjectConfigurationPlatforms) = postSolution
		{9E8B0AB6-5249-61B6-E17E-44468213547D}.Debug|Any CPU.ActiveCfg = Debug|Any CPU
		{9E8B0AB6-5249-61B6-E17E-44468213547D}.Debug|Any CPU.Build.0 = Debug|Any CPU
		{9E8B0AB6-5249-61B6-E17E-44468213547D}.Release|Any CPU.ActiveCfg = Release|Any CPU
		{9E8B0AB6-5249-61B6-E17E-44468213547D}.Release|Any CPU.Build.0 = Release|Any CPU
		{DD61FC3B-66CF-E2DC-DF83-7D95DFDCEB93}.Debug|Any CPU.ActiveCfg = Debug|Any CPU
		{DD61FC3B-66CF-E2DC-DF83-7D95DFDCEB93}.Debug|Any CPU.Build.0 = Debug|Any CPU
		{DD61FC3B-66CF-E2DC-DF83-7D95DFDCEB93}.Release|Any CPU.ActiveCfg = Release|Any CPU
		{DD61FC3B-66CF-E2DC-DF83-7D95DFDCEB93}.Release|Any CPU.Build.0 = Release|Any CPU
		{D3B12600-0D34-4E15-8C05-79625833D7AD}.Debug|Any CPU.ActiveCfg = Debug|Any CPU
		{D3B12600-0D34-4E15-8C05-79625833D7AD}.Debug|Any CPU.Build.0 = Debug|Any CPU
		{D3B12600-0D34-4E15-8C05-79625833D7AD}.Release|Any CPU.ActiveCfg = Release|Any CPU
		{D3B12600-0D34-4E15-8C05-79625833D7AD}.Release|Any CPU.Build.0 = Release|Any CPU
	EndGlobalSection
	GlobalSection(SolutionProperties) = preSolution
		HideSolutionNode = FALSE
	EndGlobalSection
EndGlobal
